github.com/quasilyte/go-ruleguard v0.2.1 h1:56eRm0daAyny9UhJnmtJW/UyLZQusukBAB8oT8AHKHo=
github.com/quasilyte/go-ruleguard/dsl/fluent v0.0.0-20201220235238-24af3bb61f1c h1:VP4ZaZE/BNV1GdSksed/fef+I9bk7ZVownMEDY0/QHw=
github.com/quasilyte/go-ruleguard/dsl/fluent v0.0.0-20201220235238-24af3bb61f1c/go.mod h1:P7JlQWFT7jDcFZMtUPQbtGzzzxva3rBn6oIF+LPwFcM=
